
Microsoft Visual Studio Solution File, Format Version 12.00
# Visual Studio Version 17
VisualStudioVersion = 17.4.33122.133
MinimumVisualStudioVersion = 10.0.40219.1
Project("{FAE04EC0-301F-11D3-BF4B-00C04F79EFBC}") = "Premium Login Window", "Premium Login Window.csproj", "{A5CB4A6B-1A7A-49D8-9656-BC4E32C87D3E}"
EndProject
Global
	GlobalSection(SolutionConfigurationPlatforms) = preSolution
		Debug|Any CPU = Debug|Any CPU
		Release|Any CPU = Release|Any CPU
	EndGlobalSection
	GlobalSection(ProjectConfigurationPlatforms) = postSolution
		{A5CB4A6B-1A7A-49D8-9656-BC4E32C87D3E}.Debug|Any CPU.ActiveCfg = Debug|Any CPU
		{A5CB4A6B-1A7A-49D8-9656-BC4E32C87D3E}.Debug|Any CPU.Build.0 = Debug|Any CPU
		{A5CB4A6B-1A7A-49D8-9656-BC4E32C87D3E}.Release|Any CPU.ActiveCfg = Release|Any CPU
		{A5CB4A6B-1A7A-49D8-9656-BC4E32C87D3E}.Release|Any CPU.Build.0 = Release|Any CPU
	EndGlobalSection
	GlobalSection(SolutionProperties) = preSolution
		HideSolutionNode = FALSE
	EndGlobalSection
	GlobalSection(ExtensibilityGlobals) = postSolution
		SolutionGuid = {F7353D95-27E0-46D9-BD9F-B4573E043361}
	EndGlobalSection
EndGlobal
